// !$*UTF8*$!
{
	archiveVersion = 1;
	classes = {
	};
	objectVersion = 48;
	objects = {

/* Begin PBXBuildFile section */
		880C753E1F1A6A12001A373D /* AppDelegate.swift in Sources */ = {isa = PBXBuildFile; fileRef = 880C753D1F1A6A12001A373D /* AppDelegate.swift */; };
		880C75401F1A6A12001A373D /* ViewController.swift in Sources */ = {isa = PBXBuildFile; fileRef = 880C753F1F1A6A12001A373D /* ViewController.swift */; };
		880C75431F1A6A12001A373D /* Main.storyboard in Resources */ = {isa = PBXBuildFile; fileRef = 880C75411F1A6A12001A373D /* Main.storyboard */; };
		880C75451F1A6A12001A373D /* Assets.xcassets in Resources */ = {isa = PBXBuildFile; fileRef = 880C75441F1A6A12001A373D /* Assets.xcassets */; };
		880C75481F1A6A12001A373D /* LaunchScreen.storyboard in Resources */ = {isa = PBXBuildFile; fileRef = 880C75461F1A6A12001A373D /* LaunchScreen.storyboard */; };
/* End PBXBuildFile section */

/* Begin PBXFileReference section */
		880C753A1F1A6A12001A373D /* DragAndDropText.app */ = {isa = PBXFileReference; explicitFileType = wrapper.application; includeInIndex = 0; path = DragAndDropText.app; sourceTree = BUILT_PRODUCTS_DIR; };
		880C753D1F1A6A12001A373D /* AppDelegate.swift */ = {isa = PBXFileReference; lastKnownFileType = sourcecode.swift; path = AppDelegate.swift; sourceTree = "<group>"; };
		880C753F1F1A6A12001A373D /* ViewController.swift */ = {isa = PBXFileReference; lastKnownFileType = sourcecode.swift; path = ViewController.swift; sourceTree = "<group>"; };
		880C75421F1A6A12001A373D /* Base */ = {isa = PBXFileReference; lastKnownFileType = file.storyboard; name = Base; path = Base.lproj/Main.storyboard; sourceTree = "<group>"; };
		880C75441F1A6A12001A373D /* Assets.xcassets */ = {isa = PBXFileReference; lastKnownFileType = folder.assetcatalog; path = Assets.xcassets; sourceTree = "<group>"; };
		880C75471F1A6A12001A373D /* Base */ = {isa = PBXFileReference; lastKnownFileType = file.storyboard; name = Base; path = Base.lproj/LaunchScreen.storyboard; sourceTree = "<group>"; };
		880C75491F1A6A12001A373D /* Info.plist */ = {isa = PBXFileReference; lastKnownFileType = text.plist.xml; path = Info.plist; sourceTree = "<group>"; };
/* End PBXFileReference section */

/* Begin PBXFrameworksBuildPhase section */
		880C75371F1A6A12001A373D /* Frameworks */ = {
			isa = PBXFrameworksBuildPhase;
			buildActionMask = 2147483647;
			files = (
			);
			runOnlyForDeploymentPostprocessing = 0;
		};
/* End PBXFrameworksBuildPhase section */

/* Begin PBXGroup section */
		880C75311F1A6A12001A373D = {
			isa = PBXGroup;
			children = (
				880C753C1F1A6A12001A373D /* DragAndDropText */,
				880C753B1F1A6A12001A373D /* Products */,
			);
			sourceTree = "<group>";
		};
		880C753B1F1A6A12001A373D /* Products */ = {
			isa = PBXGroup;
			children = (
				880C753A1F1A6A12001A373D /* DragAndDropText.app */,
			);
			name = Products;
			sourceTree = "<group>";
		};
		880C753C1F1A6A12001A373D /* DragAndDropText */ = {
			isa = PBXGroup;
			children = (
				880C753D1F1A6A12001A373D /* AppDelegate.swift */,
				880C753F1F1A6A12001A373D /* ViewController.swift */,
				880C75411F1A6A12001A373D /* Main.storyboard */,
				880C75441F1A6A12001A373D /* Assets.xcassets */,
				880C75461F1A6A12001A373D /* LaunchScreen.storyboard */,
				880C75491F1A6A12001A373D /* Info.plist */,
			);
			path = DragAndDropText;
			sourceTree = "<group>";
		};
/* End PBXGroup section */

/* Begin PBXNativeTarget section */
		880C75391F1A6A12001A373D /* DragAndDropText */ = {
			isa = PBXNativeTarget;
			buildConfigurationList = 880C754C1F1A6A12001A373D /* Build configuration list for PBXNativeTarget "DragAndDropText" */;
			buildPhases = (
				880C75361F1A6A12001A373D /* Sources */,
				880C75371F1A6A12001A373D /* Frameworks */,
				880C75381F1A6A12001A373D /* Resources */,
			);
			buildRules = (
			);
			dependencies = (
			);
			name = DragAndDropText;
			productName = DragAndDropText;
			productReference = 880C753A1F1A6A12001A373D /* DragAndDropText.app */;
			productType = "com.apple.product-type.application";
		};
/* End PBXNativeTarget section */

/* Begin PBXProject section */
		880C75321F1A6A12001A373D /* Project object */ = {
			isa = PBXProject;
			attributes = {
				LastSwiftUpdateCheck = 0900;
				LastUpgradeCheck = 0900;
				ORGANIZATIONNAME = "Sain-R Edwards Jr.";
				TargetAttributes = {
					880C75391F1A6A12001A373D = {
						CreatedOnToolsVersion = 9.0;
					};
				};
			};
			buildConfigurationList = 880C75351F1A6A12001A373D /* Build configuration list for PBXProject "DragAndDropText" */;
			compatibilityVersion = "Xcode 8.0";
			developmentRegion = en;
			hasScannedForEncodings = 0;
			knownRegions = (
				en,
				Base,
			);
			mainGroup = 880C75311F1A6A12001A373D;
			productRefGroup = 880C753B1F1A6A12001A373D /* Products */;
			projectDirPath = "";
			projectRoot = "";
			targets = (
				880C75391F1A6A12001A373D /* DragAndDropText */,
			);
		};
/* End PBXProject section */

/* Begin PBXResourcesBuildPhase section */
		880C75381F1A6A12001A373D /* Resources */ = {
			isa = PBXResourcesBuildPhase;
			buildActionMask = 2147483647;
			files = (
				880C75481F1A6A12001A373D /* LaunchScreen.storyboard in Resources */,
				880C75451F1A6A12001A373D /* Assets.xcassets in Resources */,
				880C75431F1A6A12001A373D /* Main.storyboard in Resources */,
			);
			runOnlyForDeploymentPostprocessing = 0;
		};
/* End PBXResourcesBuildPhase section */

/* Begin PBXSourcesBuildPhase section */
		880C75361F1A6A12001A373D /* Sources */ = {
			isa = PBXSourcesBuildPhase;
			buildActionMask = 2147483647;
			files = (
				880C75401F1A6A12001A373D /* ViewController.swift in Sources */,
				880C753E1F1A6A12001A373D /* AppDelegate.swift in Sources */,
			);
			runOnlyForDeploymentPostprocessing = 0;
		};
/* End PBXSourcesBuildPhase section */

/* Begin PBXVariantGroup section */
		880C75411F1A6A12001A373D /* Main.storyboard */ = {
			isa = PBXVariantGroup;
			children = (
				880C75421F1A6A12001A373D /* Base */,
			);
			name = Main.storyboard;
			sourceTree = "<group>";
		};
		880C75461F1A6A12001A373D /* LaunchScreen.storyboard */ = {
			isa = PBXVariantGroup;
			children = (
				880C75471F1A6A12001A373D /* Base */,
			);
			name = LaunchScreen.storyboard;
			sourceTree = "<group>";
		};
/* End PBXVariantGroup section */

/* Begin XCBuildConfiguration section */
		880C754A1F1A6A12001A373D /* Debug */ = {
			isa = XCBuildConfiguration;
			buildSettings = {
				ALWAYS_SEARCH_USER_PATHS = NO;
				CLANG_ANALYZER_NONNULL = YES;
				CLANG_ANALYZER_NUMBER_OBJECT_CONVERSION = YES_AGGRESSIVE;
				CLANG_CXX_LANGUAGE_STANDARD = "gnu++14";
				CLANG_CXX_LIBRARY = "libc++";
				CLANG_ENABLE_MODULES = YES;
				CLANG_ENABLE_OBJC_ARC = YES;
				CLANG_WARN_BLOCK_CAPTURE_AUTORELEASING = YES;
				CLANG_WARN_BOOL_CONVERSION = YES;
				CLANG_WARN_COMMA = YES;
				CLANG_WARN_CONSTANT_CONVERSION = YES;
				CLANG_WARN_DIRECT_OBJC_ISA_USAGE = YES_ERROR;
				CLANG_WARN_DOCUMENTATION_COMMENTS = YES;
				CLANG_WARN_EMPTY_BODY = YES;
				CLANG_WARN_ENUM_CONVERSION = YES;
				CLANG_WARN_INFINITE_RECURSION = YES;
				CLANG_WARN_INT_CONVERSION = YES;
				CLANG_WARN_OBJC_ROOT_CLASS = YES_ERROR;
				CLANG_WARN_RANGE_LOOP_ANALYSIS = YES;
				CLANG_WARN_STRICT_PROTOTYPES = YES;
				CLANG_WARN_SUSPICIOUS_MOVE = YES;
				CLANG_WARN_UNGUARDED_AVAILABILITY = YES_AGGRESSIVE;
				CLANG_WARN_UNREACHABLE_CODE = YES;
				CLANG_WARN__DUPLICATE_METHOD_MATCH = YES;
				CODE_SIGN_IDENTITY = "iPhone Developer";
				COPY_PHASE_STRIP = NO;
				DEBUG_INFORMATION_FORMAT = dwarf;
				ENABLE_STRICT_OBJC_MSGSEND = YES;
				ENABLE_TESTABILITY = YES;
				GCC_C_LANGUAGE_STANDARD = gnu11;
				GCC_DYNAMIC_NO_PIC = NO;
				GCC_NO_COMMON_BLOCKS = YES;
				GCC_OPTIMIZATION_LEVEL = 0;
				GCC_PREPROCESSOR_DEFINITIONS = (
					"DEBUG=1",
					"$(inherited)",
				);
				GCC_WARN_64_TO_32_BIT_CONVERSION = YES;
				GCC_WARN_ABOUT_RETURN_TYPE = YES_ERROR;
				GCC_WARN_UNDECLARED_SELECTOR = YES;
				GCC_WARN_UNINITIALIZED_AUTOS = YES_AGGRESSIVE;
				GCC_WARN_UNUSED_FUNCTION = YES;
				GCC_WARN_UNUSED_VARIABLE = YES;
				IPHONEOS_DEPLOYMENT_TARGET = 11.0;
				MTL_ENABLE_DEBUG_INFO = YES;
				ONLY_ACTIVE_ARCH = YES;
				SDKROOT = iphoneos;
				SWIFT_ACTIVE_COMPILATION_CONDITIONS = DEBUG;
				SWIFT_OPTIMIZATION_LEVEL = "-Onone";
			};
			name = Debug;
		};
		880C754B1F1A6A12001A373D /* Release */ = {
			isa = XCBuildConfiguration;
			buildSettings = {
				ALWAYS_SEARCH_USER_PATHS = NO;
				CLANG_ANALYZER_NONNULL = YES;
				CLANG_ANALYZER_NUMBER_OBJECT_CONVERSION = YES_AGGRESSIVE;
				CLANG_CXX_LANGUAGE_STANDARD = "gnu++14";
				CLANG_CXX_LIBRARY = "libc++";
				CLANG_ENABLE_MODULES = YES;
				CLANG_ENABLE_OBJC_ARC = YES;
				CLANG_WARN_BLOCK_CAPTURE_AUTORELEASING = YES;
				CLANG_WARN_BOOL_CONVERSION = YES;
				CLANG_WARN_COMMA = YES;
				CLANG_WARN_CONSTANT_CONVERSION = YES;
				CLANG_WARN_DIRECT_OBJC_ISA_USAGE = YES_ERROR;
				CLANG_WARN_DOCUMENTATION_COMMENTS = YES;
				CLANG_WARN_EMPTY_BODY = YES;
				CLANG_WARN_ENUM_CONVERSION = YES;
				CLANG_WARN_INFINITE_RECURSION = YES;
				CLANG_WARN_INT_CONVERSION = YES;
				CLANG_WARN_OBJC_ROOT_CLASS = YES_ERROR;
				CLANG_WARN_RANGE_LOOP_ANALYSIS = YES;
				CLANG_WARN_STRICT_PROTOTYPES = YES;
				CLANG_WARN_SUSPICIOUS_MOVE = YES;
				CLANG_WARN_UNGUARDED_AVAILABILITY = YES_AGGRESSIVE;
				CLANG_WARN_UNREACHABLE_CODE = YES;
				CLANG_WARN__DUPLICATE_METHOD_MATCH = YES;
				CODE_SIGN_IDENTITY = "iPhone Developer";
				COPY_PHASE_STRIP = NO;
				DEBUG_INFORMATION_FORMAT = "dwarf-with-dsym";
				ENABLE_NS_ASSERTIONS = NO;
				ENABLE_STRICT_OBJC_MSGSEND = YES;
				GCC_C_LANGUAGE_STANDARD = gnu11;
				GCC_NO_COMMON_BLOCKS = YES;
				GCC_WARN_64_TO_32_BIT_CONVERSION = YES;
				GCC_WARN_ABOUT_RETURN_TYPE = YES_ERROR;
				GCC_WARN_UNDECLARED_SELECTOR = YES;
				GCC_WARN_UNINITIALIZED_AUTOS = YES_AGGRESSIVE;
				GCC_WARN_UNUSED_FUNCTION = YES;
				GCC_WARN_UNUSED_VARIABLE = YES;
				IPHONEOS_DEPLOYMENT_TARGET = 11.0;
				MTL_ENABLE_DEBUG_INFO = NO;
				SDKROOT = iphoneos;
				SWIFT_OPTIMIZATION_LEVEL = "-Owholemodule";
				VALIDATE_PRODUCT = YES;
			};
			name = Release;
		};
		880C754D1F1A6A12001A373D /* Debug */ = {
			isa = XCBuildConfiguration;
			buildSettings = {
				ASSETCATALOG_COMPILER_APPICON_NAME = AppIcon;
				DEVELOPMENT_TEAM = YRMU5C8C32;
				INFOPLIST_FILE = DragAndDropText/Info.plist;
				LD_RUNPATH_SEARCH_PATHS = "$(inherited) @executable_path/Frameworks";
				PRODUCT_BUNDLE_IDENTIFIER = com.appybuildmore.DragAndDropText;
				PRODUCT_NAME = "$(TARGET_NAME)";
				SWIFT_VERSION = 4.0;
				TARGETED_DEVICE_FAMILY = "1,2";
			};
			name = Debug;
		};
		880C754E1F1A6A12001A373D /* Release */ = {
			isa = XCBuildConfiguration;
			buildSettings = {
				ASSETCATALOG_COMPILER_APPICON_NAME = AppIcon;
				DEVELOPMENT_TEAM = YRMU5C8C32;
				INFOPLIST_FILE = DragAndDropText/Info.plist;
				LD_RUNPATH_SEARCH_PATHS = "$(inherited) @executable_path/Frameworks";
				PRODUCT_BUNDLE_IDENTIFIER = com.appybuildmore.DragAndDropText;
				PRODUCT_NAME = "$(TARGET_NAME)";
				SWIFT_VERSION = 4.0;
				TARGETED_DEVICE_FAMILY = "1,2";
			};
			name = Release;
		};
/* End XCBuildConfiguration section */

/* Begin XCConfigurationList section */
		880C75351F1A6A12001A373D /* Build configuration list for PBXProject "DragAndDropText" */ = {
			isa = XCConfigurationList;
			buildConfigurations = (
				880C754A1F1A6A12001A373D /* Debug */,
				880C754B1F1A6A12001A373D /* Release */,
			);
			defaultConfigurationIsVisible = 0;
			defaultConfigurationName = Release;
		};
		880C754C1F1A6A12001A373D /* Build configuration list for PBXNativeTarget "DragAndDropText" */ = {
			isa = XCConfigurationList;
			buildConfigurations = (
				880C754D1F1A6A12001A373D /* Debug */,
				880C754E1F1A6A12001A373D /* Release */,
			);
			defaultConfigurationIsVisible = 0;
		};
/* End XCConfigurationList section */
	};
	rootObject = 880C75321F1A6A12001A373D /* Project object */;
}
